
Microsoft Visual Studio Solution File, Format Version 12.00
# Visual Studio Version 16
VisualStudioVersion = 16.0.30330.147
MinimumVisualStudioVersion = 10.0.40219.1
Project("{FAE04EC0-301F-11D3-BF4B-00C04F79EFBC}") = "OOPClass1", "OOPClass1.csproj", "{6C869312-2AE5-4099-B14D-DE074A529A1E}"
EndProject
Global
	GlobalSection(SolutionConfigurationPlatforms) = preSolution
		Debug|Any CPU = Debug|Any CPU
		Release|Any CPU = Release|Any CPU
	EndGlobalSection
	GlobalSection(ProjectConfigurationPlatforms) = postSolution
		{6C869312-2AE5-4099-B14D-DE074A529A1E}.Debug|Any CPU.ActiveCfg = Debug|Any CPU
		{6C869312-2AE5-4099-B14D-DE074A529A1E}.Debug|Any CPU.Build.0 = Debug|Any CPU
		{6C869312-2AE5-4099-B14D-DE074A529A1E}.Release|Any CPU.ActiveCfg = Release|Any CPU
		{6C869312-2AE5-4099-B14D-DE074A529A1E}.Release|Any CPU.Build.0 = Release|Any CPU
	EndGlobalSection
	GlobalSection(SolutionProperties) = preSolution
		HideSolutionNode = FALSE
	EndGlobalSection
	GlobalSection(ExtensibilityGlobals) = postSolution
		SolutionGuid = {F08E7319-FAD0-4ACD-85E2-7F0B81ED4E89}
	EndGlobalSection
EndGlobal
